
Microsoft Visual Studio Solution File, Format Version 12.00
# Visual Studio Version 16
VisualStudioVersion = 16.0.32228.343
MinimumVisualStudioVersion = 10.0.40219.1
Project("{FAE04EC0-301F-11D3-BF4B-00C04F79EFBC}") = "pomogite", "pomogite.csproj", "{CE04889E-DF91-409F-88D9-73B20C2DFB04}"
EndProject
Global
	GlobalSection(SolutionConfigurationPlatforms) = preSolution
		Debug|Any CPU = Debug|Any CPU
		Release|Any CPU = Release|Any CPU
	EndGlobalSection
	GlobalSection(ProjectConfigurationPlatforms) = postSolution
		{CE04889E-DF91-409F-88D9-73B20C2DFB04}.Debug|Any CPU.ActiveCfg = Debug|Any CPU
		{CE04889E-DF91-409F-88D9-73B20C2DFB04}.Debug|Any CPU.Build.0 = Debug|Any CPU
		{CE04889E-DF91-409F-88D9-73B20C2DFB04}.Release|Any CPU.ActiveCfg = Release|Any CPU
		{CE04889E-DF91-409F-88D9-73B20C2DFB04}.Release|Any CPU.Build.0 = Release|Any CPU
	EndGlobalSection
	GlobalSection(SolutionProperties) = preSolution
		HideSolutionNode = FALSE
	EndGlobalSection
	GlobalSection(ExtensibilityGlobals) = postSolution
		SolutionGuid = {55FBCB61-B713-445A-AA2E-B80B6798D529}
	EndGlobalSection
EndGlobal
